
Microsoft Visual Studio Solution File, Format Version 12.00
# Visual Studio Version 16
VisualStudioVersion = 16.0.30907.101
MinimumVisualStudioVersion = 10.0.40219.1
Project("{FAE04EC0-301F-11D3-BF4B-00C04F79EFBC}") = "DesignPatternsInPlausibleCode", "DesignPatternsInPlausibleCode\DesignPatternsInPlausibleCode.csproj", "{0DA2C28E-B392-4056-A56C-B6D648330FA7}"
EndProject
Global
	GlobalSection(SolutionConfigurationPlatforms) = preSolution
		Debug|Any CPU = Debug|Any CPU
		Release|Any CPU = Release|Any CPU
	EndGlobalSection
	GlobalSection(ProjectConfigurationPlatforms) = postSolution
		{0DA2C28E-B392-4056-A56C-B6D648330FA7}.Debug|Any CPU.ActiveCfg = Debug|Any CPU
		{0DA2C28E-B392-4056-A56C-B6D648330FA7}.Debug|Any CPU.Build.0 = Debug|Any CPU
		{0DA2C28E-B392-4056-A56C-B6D648330FA7}.Release|Any CPU.ActiveCfg = Release|Any CPU
		{0DA2C28E-B392-4056-A56C-B6D648330FA7}.Release|Any CPU.Build.0 = Release|Any CPU
	EndGlobalSection
	GlobalSection(SolutionProperties) = preSolution
		HideSolutionNode = FALSE
	EndGlobalSection
	GlobalSection(ExtensibilityGlobals) = postSolution
		SolutionGuid = {9CEB3938-4560-4969-BAB9-572C6A660021}
	EndGlobalSection
EndGlobal
